PackratFormat: 1.4
PackratVersion: 0.4.3.27
RVersion: 3.1.2
Repos: CRAN=http://cran.r-project.org,
    BioCsoft=http://bioconductor.org/packages/3.1/bioc,
    BioCann=http://bioconductor.org/packages/3.1/data/annotation,
    BioCexp=http://bioconductor.org/packages/3.1/data/experiment,
    BioCextra=http://bioconductor.org/packages/3.1/extra

Package: BH
Source: CRAN
Version: 1.58.0-1

Package: MASS
Source: CRAN
Version: 7.3-39
Hash: e9488ccece00e145b90d2f2fce5eb201

Package: R6
Source: CRAN
Version: 2.1.0
Hash: a09c7e41c29b376d6443da7fc5b9d763

Package: RCurl
Source: CRAN
Version: 1.95-4.7
Requires: bitops
Hash: 7756ed9df5d79ca87bc9e93f85d89b87

Package: RJSONIO
Source: CRAN
Version: 1.3-0
Hash: fb672e20eb6f3010a3639f855d8ef6de

Package: Rcpp
Source: CRAN
Version: 0.11.6
Hash: 193916618dce89b287517f457de8fa8b

Package: bitops
Source: CRAN
Version: 1.0-6
Hash: 67d0775189fd0041d95abca618c5c07e

Package: brew
Source: CRAN
Version: 1.0-6
Hash: 931f9972deae0f205e1c78a51f33149b

Package: curl
Source: CRAN
Version: 0.9.1
Hash: 19b1413ddc86eb2b09d02d8b230d054a

Package: devtools
Source: CRAN
Version: 1.8.0
Requires: RCurl, digest, evaluate, git2r, httr, jsonlite, memoise,
    roxygen2, rstudioapi, rversions, whisker
Hash: 908d926757f793f385049f4f140e7313

Package: digest
Source: CRAN
Version: 0.6.8
Hash: de202f956596a476d09304e3a2ebf1e5

Package: evaluate
Source: CRAN
Version: 0.7
Requires: stringr
Hash: a60973dc1469b851e9b099b7e47043b5

Package: git2r
Source: CRAN
Version: 0.10.1
Hash: f0d21be15e38774dd93472fc83547068

Package: httr
Source: CRAN
Version: 1.0.0
Requires: R6, curl, digest, jsonlite, mime, stringr
Hash: 165c156aaf69073f9a1f8a4211c626d9

Package: jsonlite
Source: CRAN
Version: 0.9.16
Hash: 24d362a166a96ac1969e64ede522c717

Package: magrittr
Source: CRAN
Version: 1.5
Hash: bdc4d48c3135e8f3b399536ddf160df4

Package: memoise
Source: CRAN
Version: 0.2.1
Requires: digest
Hash: 812e6a1dd77a0ca4da41f3239de8e447

Package: mime
Source: CRAN
Version: 0.3
Hash: 629133973445ad75e5438a2bb6b05c17

Package: packrat
Source: github
Version: 0.4.3-27
Hash: d5ae942b22b15403bd3739d67ac9dcb7
GithubRepo: packrat
GithubUsername: rstudio
GithubRef: master
GithubSha1: 1a91cdb290795c24cc0fda94177588b605525674

Package: rPython
Source: CRAN
Version: 0.0-5
Requires: RJSONIO
Hash: 2d3c89c25e7331781c0556db9ebbe324

Package: roxygen2
Source: CRAN
Version: 4.1.1
Requires: Rcpp, brew, digest, stringr
Hash: cb8a42732d3f42541c6f861352894a0e

Package: rstudioapi
Source: CRAN
Version: 0.3.1
Hash: 88eea830c60277b858ce9334041b08bb

Package: rversions
Source: CRAN
Version: 1.0.2
Requires: curl, xml2
Hash: c006a9eaa80a091dcd87bb4003887b12

Package: stringi
Source: CRAN
Version: 0.5-5
Hash: e7c67668a472e26e0c95bc8fa9049198

Package: stringr
Source: CRAN
Version: 1.0.0
Requires: magrittr, stringi
Hash: 2676dd5f88890910962b733b0f9540e1

Package: whisker
Source: CRAN
Version: 0.3-2
Hash: 803d662762e532705c2c066a82d066e7

Package: xml2
Source: CRAN
Version: 0.1.1
Requires: BH, Rcpp
Hash: 289ef3784f5b16f322ff88cfb6e90ff0
